
Microsoft Visual Studio Solution File, Format Version 12.00
# Visual Studio Version 17
VisualStudioVersion = 17.0.31903.59
MinimumVisualStudioVersion = 10.0.40219.1
Project("{FAE04EC0-301F-11D3-BF4B-00C04F79EFBC}") = "DirectXFormYT", "DirectXFormYT\DirectXFormYT.csproj", "{428334F8-B9EB-431B-B0E2-5C9DA0428E95}"
EndProject
Global
	GlobalSection(SolutionConfigurationPlatforms) = preSolution
		Debug|Any CPU = Debug|Any CPU
		Release|Any CPU = Release|Any CPU
	EndGlobalSection
	GlobalSection(ProjectConfigurationPlatforms) = postSolution
		{428334F8-B9EB-431B-B0E2-5C9DA0428E95}.Debug|Any CPU.ActiveCfg = Debug|Any CPU
		{428334F8-B9EB-431B-B0E2-5C9DA0428E95}.Debug|Any CPU.Build.0 = Debug|Any CPU
		{428334F8-B9EB-431B-B0E2-5C9DA0428E95}.Release|Any CPU.ActiveCfg = Release|Any CPU
		{428334F8-B9EB-431B-B0E2-5C9DA0428E95}.Release|Any CPU.Build.0 = Release|Any CPU
	EndGlobalSection
	GlobalSection(SolutionProperties) = preSolution
		HideSolutionNode = FALSE
	EndGlobalSection
	GlobalSection(ExtensibilityGlobals) = postSolution
		SolutionGuid = {DCFDA5A9-EA88-4982-94E8-DDDA6BFA010F}
	EndGlobalSection
EndGlobal
